<?xml version="1.0" encoding="utf-8"?>
<Project ToolsVersion="4.0" xmlns="http://schemas.microsoft.com/developer/msbuild/2003">
  <ItemGroup>
    <Filter Include="ソース ファイル">
      <UniqueIdentifier>{4FC737F1-C7A5-4376-A066-2A32D752A2FF}</UniqueIdentifier>
      <Extensions>cpp;c;cc;cxx;c++;def;odl;idl;hpj;bat;asm;asmx</Extensions>
    </Filter>
    <Filter Include="ヘッダー ファイル">
      <UniqueIdentifier>{93995380-89BD-4b04-88EB-625FBE52EBFB}</UniqueIdentifier>
      <Extensions>h;hh;hpp;hxx;h++;hm;inl;inc;ipp;xsd</Extensions>
    </Filter>
    <Filter Include="リソース ファイル">
      <UniqueIdentifier>{67DA6AB6-F800-4c08-8B7A-83BB121AAD01}</UniqueIdentifier>
      <Extensions>rc;ico;cur;bmp;dlg;rc2;rct;bin;rgs;gif;jpg;jpeg;jpe;resx;tiff;tif;png;wav;mfcribbon-ms</Extensions>
    </Filter>
    <Filter Include="ヘッダー ファイル\math">
      <UniqueIdentifier>{7a7d7fd1-3885-4031-82bc-5e3dc8da4eba}</UniqueIdentifier>
    </Filter>
    <Filter Include="ヘッダー ファイル\math\modint">
      <UniqueIdentifier>{c5d1f79c-64d0-481b-9924-36650c57e631}</UniqueIdentifier>
    </Filter>
    <Filter Include="ヘッダー ファイル\math\tree">
      <UniqueIdentifier>{f04b6fdf-6633-42f5-adb2-97ef198a5c65}</UniqueIdentifier>
    </Filter>
    <Filter Include="ヘッダー ファイル\math\calculate">
      <UniqueIdentifier>{1279fd70-6df6-4212-830e-e3a0352da1a0}</UniqueIdentifier>
    </Filter>
    <Filter Include="ヘッダー ファイル\math\graph">
      <UniqueIdentifier>{6426ced1-7806-410b-89d5-318b3d9d3a23}</UniqueIdentifier>
    </Filter>
  </ItemGroup>
  <ItemGroup>
    <ClCompile Include="EeeveeLib.cpp">
      <Filter>ソース ファイル</Filter>
    </ClCompile>
  </ItemGroup>
  <ItemGroup>
    <ClInclude Include="include\eevee\math\math.hpp">
      <Filter>ヘッダー ファイル\math</Filter>
    </ClInclude>
    <ClInclude Include="include\eevee\math\modint\modint.hpp">
      <Filter>ヘッダー ファイル\math\modint</Filter>
    </ClInclude>
    <ClInclude Include="include\eevee\math\tree\unionFind.hpp">
      <Filter>ヘッダー ファイル\math\tree</Filter>
    </ClInclude>
    <ClInclude Include="include\eevee\math\graph\WeightedUndirectedGraph.hpp">
      <Filter>ヘッダー ファイル\math\graph</Filter>
    </ClInclude>
  </ItemGroup>
</Project>